
Microsoft Visual Studio Solution File, Format Version 12.00
# Visual Studio 15
VisualStudioVersion = 15.0.28307.852
MinimumVisualStudioVersion = 10.0.40219.1
Project("{FAE04EC0-301F-11D3-BF4B-00C04F79EFBC}") = "RandomAPP1311", "RandomAPP1311\RandomAPP1311.csproj", "{8EE9365A-26A4-4BAC-A54B-57DF00BF6146}"
EndProject
Global
	GlobalSection(SolutionConfigurationPlatforms) = preSolution
		Debug|Any CPU = Debug|Any CPU
		Release|Any CPU = Release|Any CPU
	EndGlobalSection
	GlobalSection(ProjectConfigurationPlatforms) = postSolution
		{8EE9365A-26A4-4BAC-A54B-57DF00BF6146}.Debug|Any CPU.ActiveCfg = Debug|Any CPU
		{8EE9365A-26A4-4BAC-A54B-57DF00BF6146}.Debug|Any CPU.Build.0 = Debug|Any CPU
		{8EE9365A-26A4-4BAC-A54B-57DF00BF6146}.Release|Any CPU.ActiveCfg = Release|Any CPU
		{8EE9365A-26A4-4BAC-A54B-57DF00BF6146}.Release|Any CPU.Build.0 = Release|Any CPU
	EndGlobalSection
	GlobalSection(SolutionProperties) = preSolution
		HideSolutionNode = FALSE
	EndGlobalSection
	GlobalSection(ExtensibilityGlobals) = postSolution
		SolutionGuid = {5A0B6188-5F62-493A-94EE-A4C76E787818}
	EndGlobalSection
EndGlobal
