
Microsoft Visual Studio Solution File, Format Version 12.00
# Visual Studio 15
VisualStudioVersion = 15.0.28307.852
MinimumVisualStudioVersion = 10.0.40219.1
Project("{FAE04EC0-301F-11D3-BF4B-00C04F79EFBC}") = "LAB8EX2", "LAB8EX2\LAB8EX2.csproj", "{8F02874C-2926-441C-998A-BFCF2AD65B46}"
EndProject
Global
	GlobalSection(SolutionConfigurationPlatforms) = preSolution
		Debug|Any CPU = Debug|Any CPU
		Release|Any CPU = Release|Any CPU
	EndGlobalSection
	GlobalSection(ProjectConfigurationPlatforms) = postSolution
		{8F02874C-2926-441C-998A-BFCF2AD65B46}.Debug|Any CPU.ActiveCfg = Debug|Any CPU
		{8F02874C-2926-441C-998A-BFCF2AD65B46}.Debug|Any CPU.Build.0 = Debug|Any CPU
		{8F02874C-2926-441C-998A-BFCF2AD65B46}.Release|Any CPU.ActiveCfg = Release|Any CPU
		{8F02874C-2926-441C-998A-BFCF2AD65B46}.Release|Any CPU.Build.0 = Release|Any CPU
	EndGlobalSection
	GlobalSection(SolutionProperties) = preSolution
		HideSolutionNode = FALSE
	EndGlobalSection
	GlobalSection(ExtensibilityGlobals) = postSolution
		SolutionGuid = {1E33DB4F-9277-4F29-864D-5FFB325F8E44}
	EndGlobalSection
EndGlobal
