
Microsoft Visual Studio Solution File, Format Version 12.00
# Visual Studio 15
VisualStudioVersion = 15.0.28307.852
MinimumVisualStudioVersion = 10.0.40219.1
Project("{FAE04EC0-301F-11D3-BF4B-00C04F79EFBC}") = "LAB9EX2", "LAB9EX2\LAB9EX2.csproj", "{739D2B8F-E799-4283-BB51-3BD71470C6F6}"
EndProject
Global
	GlobalSection(SolutionConfigurationPlatforms) = preSolution
		Debug|Any CPU = Debug|Any CPU
		Release|Any CPU = Release|Any CPU
	EndGlobalSection
	GlobalSection(ProjectConfigurationPlatforms) = postSolution
		{739D2B8F-E799-4283-BB51-3BD71470C6F6}.Debug|Any CPU.ActiveCfg = Debug|Any CPU
		{739D2B8F-E799-4283-BB51-3BD71470C6F6}.Debug|Any CPU.Build.0 = Debug|Any CPU
		{739D2B8F-E799-4283-BB51-3BD71470C6F6}.Release|Any CPU.ActiveCfg = Release|Any CPU
		{739D2B8F-E799-4283-BB51-3BD71470C6F6}.Release|Any CPU.Build.0 = Release|Any CPU
	EndGlobalSection
	GlobalSection(SolutionProperties) = preSolution
		HideSolutionNode = FALSE
	EndGlobalSection
	GlobalSection(ExtensibilityGlobals) = postSolution
		SolutionGuid = {B6C0B962-0152-4FCD-A19B-3B6C6D939DB1}
	EndGlobalSection
EndGlobal
