
Microsoft Visual Studio Solution File, Format Version 12.00
# Visual Studio 15
VisualStudioVersion = 15.0.28307.329
MinimumVisualStudioVersion = 10.0.40219.1
Project("{FAE04EC0-301F-11D3-BF4B-00C04F79EFBC}") = "LAB4", "LAB4\LAB4.csproj", "{B9387137-D64E-4307-BBBC-92593C836502}"
EndProject
Global
	GlobalSection(SolutionConfigurationPlatforms) = preSolution
		Debug|Any CPU = Debug|Any CPU
		Release|Any CPU = Release|Any CPU
	EndGlobalSection
	GlobalSection(ProjectConfigurationPlatforms) = postSolution
		{B9387137-D64E-4307-BBBC-92593C836502}.Debug|Any CPU.ActiveCfg = Debug|Any CPU
		{B9387137-D64E-4307-BBBC-92593C836502}.Debug|Any CPU.Build.0 = Debug|Any CPU
		{B9387137-D64E-4307-BBBC-92593C836502}.Release|Any CPU.ActiveCfg = Release|Any CPU
		{B9387137-D64E-4307-BBBC-92593C836502}.Release|Any CPU.Build.0 = Release|Any CPU
	EndGlobalSection
	GlobalSection(SolutionProperties) = preSolution
		HideSolutionNode = FALSE
	EndGlobalSection
	GlobalSection(ExtensibilityGlobals) = postSolution
		SolutionGuid = {C1BC162D-8FAA-43EF-B1DD-109BA9334CC5}
	EndGlobalSection
EndGlobal
