
Microsoft Visual Studio Solution File, Format Version 12.00
# Visual Studio 15
VisualStudioVersion = 15.0.28307.852
MinimumVisualStudioVersion = 10.0.40219.1
Project("{FAE04EC0-301F-11D3-BF4B-00C04F79EFBC}") = "LAB9EX1", "LAB9EX1\LAB9EX1.csproj", "{8DDB67C1-1821-4D9E-BA56-B5252F1CCB04}"
EndProject
Global
	GlobalSection(SolutionConfigurationPlatforms) = preSolution
		Debug|Any CPU = Debug|Any CPU
		Release|Any CPU = Release|Any CPU
	EndGlobalSection
	GlobalSection(ProjectConfigurationPlatforms) = postSolution
		{8DDB67C1-1821-4D9E-BA56-B5252F1CCB04}.Debug|Any CPU.ActiveCfg = Debug|Any CPU
		{8DDB67C1-1821-4D9E-BA56-B5252F1CCB04}.Debug|Any CPU.Build.0 = Debug|Any CPU
		{8DDB67C1-1821-4D9E-BA56-B5252F1CCB04}.Release|Any CPU.ActiveCfg = Release|Any CPU
		{8DDB67C1-1821-4D9E-BA56-B5252F1CCB04}.Release|Any CPU.Build.0 = Release|Any CPU
	EndGlobalSection
	GlobalSection(SolutionProperties) = preSolution
		HideSolutionNode = FALSE
	EndGlobalSection
	GlobalSection(ExtensibilityGlobals) = postSolution
		SolutionGuid = {40E04649-468C-4F15-9153-6AB44283D6CE}
	EndGlobalSection
EndGlobal
