
Microsoft Visual Studio Solution File, Format Version 12.00
# Visual Studio 15
VisualStudioVersion = 15.0.28307.852
MinimumVisualStudioVersion = 10.0.40219.1
Project("{FAE04EC0-301F-11D3-BF4B-00C04F79EFBC}") = "LAB8EX1", "LAB8EX1\LAB8EX1.csproj", "{B70FDE3F-F106-48D7-A143-AD0CBA1E1B03}"
EndProject
Global
	GlobalSection(SolutionConfigurationPlatforms) = preSolution
		Debug|Any CPU = Debug|Any CPU
		Release|Any CPU = Release|Any CPU
	EndGlobalSection
	GlobalSection(ProjectConfigurationPlatforms) = postSolution
		{B70FDE3F-F106-48D7-A143-AD0CBA1E1B03}.Debug|Any CPU.ActiveCfg = Debug|Any CPU
		{B70FDE3F-F106-48D7-A143-AD0CBA1E1B03}.Debug|Any CPU.Build.0 = Debug|Any CPU
		{B70FDE3F-F106-48D7-A143-AD0CBA1E1B03}.Release|Any CPU.ActiveCfg = Release|Any CPU
		{B70FDE3F-F106-48D7-A143-AD0CBA1E1B03}.Release|Any CPU.Build.0 = Release|Any CPU
	EndGlobalSection
	GlobalSection(SolutionProperties) = preSolution
		HideSolutionNode = FALSE
	EndGlobalSection
	GlobalSection(ExtensibilityGlobals) = postSolution
		SolutionGuid = {41D793E6-6F76-4877-9935-E2E0ACDC4A96}
	EndGlobalSection
EndGlobal
